
Microsoft Visual Studio Solution File, Format Version 12.00
# Visual Studio Version 16
VisualStudioVersion = 16.0.30330.147
MinimumVisualStudioVersion = 10.0.40219.1
Project("{9A19103F-16F7-4668-BE54-9A1E7A4F7556}") = "Server", "Server\Server.csproj", "{C1755E05-B062-4A14-AD82-B0CA3B4C6283}"
EndProject
Project("{FAE04EC0-301F-11D3-BF4B-00C04F79EFBC}") = "Client", "Client\Client.csproj", "{B8230B7F-B787-4B2B-A3A6-A011445DEADE}"
EndProject
Global
	GlobalSection(SolutionConfigurationPlatforms) = preSolution
		Debug|Any CPU = Debug|Any CPU
		Release|Any CPU = Release|Any CPU
	EndGlobalSection
	GlobalSection(ProjectConfigurationPlatforms) = postSolution
		{C1755E05-B062-4A14-AD82-B0CA3B4C6283}.Debug|Any CPU.ActiveCfg = Debug|Any CPU
		{C1755E05-B062-4A14-AD82-B0CA3B4C6283}.Debug|Any CPU.Build.0 = Debug|Any CPU
		{C1755E05-B062-4A14-AD82-B0CA3B4C6283}.Release|Any CPU.ActiveCfg = Release|Any CPU
		{C1755E05-B062-4A14-AD82-B0CA3B4C6283}.Release|Any CPU.Build.0 = Release|Any CPU
		{B8230B7F-B787-4B2B-A3A6-A011445DEADE}.Debug|Any CPU.ActiveCfg = Debug|Any CPU
		{B8230B7F-B787-4B2B-A3A6-A011445DEADE}.Debug|Any CPU.Build.0 = Debug|Any CPU
		{B8230B7F-B787-4B2B-A3A6-A011445DEADE}.Release|Any CPU.ActiveCfg = Release|Any CPU
		{B8230B7F-B787-4B2B-A3A6-A011445DEADE}.Release|Any CPU.Build.0 = Release|Any CPU
	EndGlobalSection
	GlobalSection(SolutionProperties) = preSolution
		HideSolutionNode = FALSE
	EndGlobalSection
	GlobalSection(ExtensibilityGlobals) = postSolution
		SolutionGuid = {7BEDF5F9-5FD0-4977-9D23-C291824A2E52}
	EndGlobalSection
EndGlobal
